// !$*UTF8*$!
{
	archiveVersion = 1;
	classes = {
	};
	objectVersion = 46;
	objects = {

/* Begin PBXBuildFile section */
		0058F99B1E9AE16B009F6DEB /* AppDelegate.swift in Sources */ = {isa = PBXBuildFile; fileRef = 0058F99A1E9AE16B009F6DEB /* AppDelegate.swift */; };
		0058F99D1E9AE16B009F6DEB /* ViewController.swift in Sources */ = {isa = PBXBuildFile; fileRef = 0058F99C1E9AE16B009F6DEB /* ViewController.swift */; };
		0058F9A01E9AE16B009F6DEB /* Main.storyboard in Resources */ = {isa = PBXBuildFile; fileRef = 0058F99E1E9AE16B009F6DEB /* Main.storyboard */; };
		0058F9A21E9AE16B009F6DEB /* Assets.xcassets in Resources */ = {isa = PBXBuildFile; fileRef = 0058F9A11E9AE16B009F6DEB /* Assets.xcassets */; };
		0058F9A51E9AE16B009F6DEB /* LaunchScreen.storyboard in Resources */ = {isa = PBXBuildFile; fileRef = 0058F9A31E9AE16B009F6DEB /* LaunchScreen.storyboard */; };
/* End PBXBuildFile section */

/* Begin PBXFileReference section */
		0058F9971E9AE16B009F6DEB /* VScale.app */ = {isa = PBXFileReference; explicitFileType = wrapper.application; includeInIndex = 0; path = VScale.app; sourceTree = BUILT_PRODUCTS_DIR; };
		0058F99A1E9AE16B009F6DEB /* AppDelegate.swift */ = {isa = PBXFileReference; lastKnownFileType = sourcecode.swift; path = AppDelegate.swift; sourceTree = "<group>"; };
		0058F99C1E9AE16B009F6DEB /* ViewController.swift */ = {isa = PBXFileReference; lastKnownFileType = sourcecode.swift; path = ViewController.swift; sourceTree = "<group>"; };
		0058F99F1E9AE16B009F6DEB /* Base */ = {isa = PBXFileReference; lastKnownFileType = file.storyboard; name = Base; path = Base.lproj/Main.storyboard; sourceTree = "<group>"; };
		0058F9A11E9AE16B009F6DEB /* Assets.xcassets */ = {isa = PBXFileReference; lastKnownFileType = folder.assetcatalog; path = Assets.xcassets; sourceTree = "<group>"; };
		0058F9A41E9AE16B009F6DEB /* Base */ = {isa = PBXFileReference; lastKnownFileType = file.storyboard; name = Base; path = Base.lproj/LaunchScreen.storyboard; sourceTree = "<group>"; };
		0058F9A61E9AE16B009F6DEB /* Info.plist */ = {isa = PBXFileReference; lastKnownFileType = text.plist.xml; path = Info.plist; sourceTree = "<group>"; };
/* End PBXFileReference section */

/* Begin PBXFrameworksBuildPhase section */
		0058F9941E9AE16B009F6DEB /* Frameworks */ = {
			isa = PBXFrameworksBuildPhase;
			buildActionMask = 2147483647;
			files = (
			);
			runOnlyForDeploymentPostprocessing = 0;
		};
/* End PBXFrameworksBuildPhase section */

/* Begin PBXGroup section */
		0058F98E1E9AE16B009F6DEB = {
			isa = PBXGroup;
			children = (
				0058F9991E9AE16B009F6DEB /* VScale */,
				0058F9981E9AE16B009F6DEB /* Products */,
			);
			sourceTree = "<group>";
		};
		0058F9981E9AE16B009F6DEB /* Products */ = {
			isa = PBXGroup;
			children = (
				0058F9971E9AE16B009F6DEB /* VScale.app */,
			);
			name = Products;
			sourceTree = "<group>";
		};
		0058F9991E9AE16B009F6DEB /* VScale */ = {
			isa = PBXGroup;
			children = (
				0058F99A1E9AE16B009F6DEB /* AppDelegate.swift */,
				0058F99C1E9AE16B009F6DEB /* ViewController.swift */,
				0058F99E1E9AE16B009F6DEB /* Main.storyboard */,
				0058F9A11E9AE16B009F6DEB /* Assets.xcassets */,
				0058F9A31E9AE16B009F6DEB /* LaunchScreen.storyboard */,
				0058F9A61E9AE16B009F6DEB /* Info.plist */,
			);
			path = VScale;
			sourceTree = "<group>";
		};
/* End PBXGroup section */

/* Begin PBXNativeTarget section */
		0058F9961E9AE16B009F6DEB /* VScale */ = {
			isa = PBXNativeTarget;
			buildConfigurationList = 0058F9A91E9AE16B009F6DEB /* Build configuration list for PBXNativeTarget "VScale" */;
			buildPhases = (
				0058F9931E9AE16B009F6DEB /* Sources */,
				0058F9941E9AE16B009F6DEB /* Frameworks */,
				0058F9951E9AE16B009F6DEB /* Resources */,
			);
			buildRules = (
			);
			dependencies = (
			);
			name = VScale;
			productName = VScale;
			productReference = 0058F9971E9AE16B009F6DEB /* VScale.app */;
			productType = "com.apple.product-type.application";
		};
/* End PBXNativeTarget section */

/* Begin PBXProject section */
		0058F98F1E9AE16B009F6DEB /* Project object */ = {
			isa = PBXProject;
			attributes = {
				LastSwiftUpdateCheck = 0830;
				LastUpgradeCheck = 0830;
				ORGANIZATIONNAME = "Glenn R. Golden";
				TargetAttributes = {
					0058F9961E9AE16B009F6DEB = {
						CreatedOnToolsVersion = 8.3;
						DevelopmentTeam = 659J867D6A;
						ProvisioningStyle = Automatic;
					};
				};
			};
			buildConfigurationList = 0058F9921E9AE16B009F6DEB /* Build configuration list for PBXProject "VScale" */;
			compatibilityVersion = "Xcode 3.2";
			developmentRegion = English;
			hasScannedForEncodings = 0;
			knownRegions = (
				en,
				Base,
			);
			mainGroup = 0058F98E1E9AE16B009F6DEB;
			productRefGroup = 0058F9981E9AE16B009F6DEB /* Products */;
			projectDirPath = "";
			projectRoot = "";
			targets = (
				0058F9961E9AE16B009F6DEB /* VScale */,
			);
		};
/* End PBXProject section */

/* Begin PBXResourcesBuildPhase section */
		0058F9951E9AE16B009F6DEB /* Resources */ = {
			isa = PBXResourcesBuildPhase;
			buildActionMask = 2147483647;
			files = (
				0058F9A51E9AE16B009F6DEB /* LaunchScreen.storyboard in Resources */,
				0058F9A21E9AE16B009F6DEB /* Assets.xcassets in Resources */,
				0058F9A01E9AE16B009F6DEB /* Main.storyboard in Resources */,
			);
			runOnlyForDeploymentPostprocessing = 0;
		};
/* End PBXResourcesBuildPhase section */

/* Begin PBXSourcesBuildPhase section */
		0058F9931E9AE16B009F6DEB /* Sources */ = {
			isa = PBXSourcesBuildPhase;
			buildActionMask = 2147483647;
			files = (
				0058F99D1E9AE16B009F6DEB /* ViewController.swift in Sources */,
				0058F99B1E9AE16B009F6DEB /* AppDelegate.swift in Sources */,
			);
			runOnlyForDeploymentPostprocessing = 0;
		};
/* End PBXSourcesBuildPhase section */

/* Begin PBXVariantGroup section */
		0058F99E1E9AE16B009F6DEB /* Main.storyboard */ = {
			isa = PBXVariantGroup;
			children = (
				0058F99F1E9AE16B009F6DEB /* Base */,
			);
			name = Main.storyboard;
			sourceTree = "<group>";
		};
		0058F9A31E9AE16B009F6DEB /* LaunchScreen.storyboard */ = {
			isa = PBXVariantGroup;
			children = (
				0058F9A41E9AE16B009F6DEB /* Base */,
			);
			name = LaunchScreen.storyboard;
			sourceTree = "<group>";
		};
/* End PBXVariantGroup section */

/* Begin XCBuildConfiguration section */
		0058F9A71E9AE16B009F6DEB /* Debug */ = {
			isa = XCBuildConfiguration;
			buildSettings = {
				ALWAYS_SEARCH_USER_PATHS = NO;
				CLANG_ANALYZER_NONNULL = YES;
				CLANG_ANALYZER_NUMBER_OBJECT_CONVERSION = YES_AGGRESSIVE;
				CLANG_CXX_LANGUAGE_STANDARD = "gnu++0x";
				CLANG_CXX_LIBRARY = "libc++";
				CLANG_ENABLE_MODULES = YES;
				CLANG_ENABLE_OBJC_ARC = YES;
				CLANG_WARN_BOOL_CONVERSION = YES;
				CLANG_WARN_CONSTANT_CONVERSION = YES;
				CLANG_WARN_DIRECT_OBJC_ISA_USAGE = YES_ERROR;
				CLANG_WARN_DOCUMENTATION_COMMENTS = YES;
				CLANG_WARN_EMPTY_BODY = YES;
				CLANG_WARN_ENUM_CONVERSION = YES;
				CLANG_WARN_INFINITE_RECURSION = YES;
				CLANG_WARN_INT_CONVERSION = YES;
				CLANG_WARN_OBJC_ROOT_CLASS = YES_ERROR;
				CLANG_WARN_SUSPICIOUS_MOVE = YES;
				CLANG_WARN_UNREACHABLE_CODE = YES;
				CLANG_WARN__DUPLICATE_METHOD_MATCH = YES;
				"CODE_SIGN_IDENTITY[sdk=iphoneos*]" = "iPhone Developer";
				COPY_PHASE_STRIP = NO;
				DEBUG_INFORMATION_FORMAT = dwarf;
				ENABLE_STRICT_OBJC_MSGSEND = YES;
				ENABLE_TESTABILITY = YES;
				GCC_C_LANGUAGE_STANDARD = gnu99;
				GCC_DYNAMIC_NO_PIC = NO;
				GCC_NO_COMMON_BLOCKS = YES;
				GCC_OPTIMIZATION_LEVEL = 0;
				GCC_PREPROCESSOR_DEFINITIONS = (
					"DEBUG=1",
					"$(inherited)",
				);
				GCC_WARN_64_TO_32_BIT_CONVERSION = YES;
				GCC_WARN_ABOUT_RETURN_TYPE = YES_ERROR;
				GCC_WARN_UNDECLARED_SELECTOR = YES;
				GCC_WARN_UNINITIALIZED_AUTOS = YES_AGGRESSIVE;
				GCC_WARN_UNUSED_FUNCTION = YES;
				GCC_WARN_UNUSED_VARIABLE = YES;
				IPHONEOS_DEPLOYMENT_TARGET = 10.3;
				MTL_ENABLE_DEBUG_INFO = YES;
				ONLY_ACTIVE_ARCH = YES;
				SDKROOT = iphoneos;
				SWIFT_ACTIVE_COMPILATION_CONDITIONS = DEBUG;
				SWIFT_OPTIMIZATION_LEVEL = "-Onone";
				TARGETED_DEVICE_FAMILY = "1,2";
			};
			name = Debug;
		};
		0058F9A81E9AE16B009F6DEB /* Release */ = {
			isa = XCBuildConfiguration;
			buildSettings = {
				ALWAYS_SEARCH_USER_PATHS = NO;
				CLANG_ANALYZER_NONNULL = YES;
				CLANG_ANALYZER_NUMBER_OBJECT_CONVERSION = YES_AGGRESSIVE;
				CLANG_CXX_LANGUAGE_STANDARD = "gnu++0x";
				CLANG_CXX_LIBRARY = "libc++";
				CLANG_ENABLE_MODULES = YES;
				CLANG_ENABLE_OBJC_ARC = YES;
				CLANG_WARN_BOOL_CONVERSION = YES;
				CLANG_WARN_CONSTANT_CONVERSION = YES;
				CLANG_WARN_DIRECT_OBJC_ISA_USAGE = YES_ERROR;
				CLANG_WARN_DOCUMENTATION_COMMENTS = YES;
				CLANG_WARN_EMPTY_BODY = YES;
				CLANG_WARN_ENUM_CONVERSION = YES;
				CLANG_WARN_INFINITE_RECURSION = YES;
				CLANG_WARN_INT_CONVERSION = YES;
				CLANG_WARN_OBJC_ROOT_CLASS = YES_ERROR;
				CLANG_WARN_SUSPICIOUS_MOVE = YES;
				CLANG_WARN_UNREACHABLE_CODE = YES;
				CLANG_WARN__DUPLICATE_METHOD_MATCH = YES;
				"CODE_SIGN_IDENTITY[sdk=iphoneos*]" = "iPhone Developer";
				COPY_PHASE_STRIP = NO;
				DEBUG_INFORMATION_FORMAT = "dwarf-with-dsym";
				ENABLE_NS_ASSERTIONS = NO;
				ENABLE_STRICT_OBJC_MSGSEND = YES;
				GCC_C_LANGUAGE_STANDARD = gnu99;
				GCC_NO_COMMON_BLOCKS = YES;
				GCC_WARN_64_TO_32_BIT_CONVERSION = YES;
				GCC_WARN_ABOUT_RETURN_TYPE = YES_ERROR;
				GCC_WARN_UNDECLARED_SELECTOR = YES;
				GCC_WARN_UNINITIALIZED_AUTOS = YES_AGGRESSIVE;
				GCC_WARN_UNUSED_FUNCTION = YES;
				GCC_WARN_UNUSED_VARIABLE = YES;
				IPHONEOS_DEPLOYMENT_TARGET = 10.3;
				MTL_ENABLE_DEBUG_INFO = NO;
				SDKROOT = iphoneos;
				SWIFT_OPTIMIZATION_LEVEL = "-Owholemodule";
				TARGETED_DEVICE_FAMILY = "1,2";
				VALIDATE_PRODUCT = YES;
			};
			name = Release;
		};
		0058F9AA1E9AE16B009F6DEB /* Debug */ = {
			isa = XCBuildConfiguration;
			buildSettings = {
				ASSETCATALOG_COMPILER_APPICON_NAME = AppIcon;
				DEVELOPMENT_TEAM = 659J867D6A;
				INFOPLIST_FILE = VScale/Info.plist;
				LD_RUNPATH_SEARCH_PATHS = "$(inherited) @executable_path/Frameworks";
				PRODUCT_BUNDLE_IDENTIFIER = G.R.Golden.VScale;
				PRODUCT_NAME = "$(TARGET_NAME)";
				SWIFT_VERSION = 3.0;
			};
			name = Debug;
		};
		0058F9AB1E9AE16B009F6DEB /* Release */ = {
			isa = XCBuildConfiguration;
			buildSettings = {
				ASSETCATALOG_COMPILER_APPICON_NAME = AppIcon;
				DEVELOPMENT_TEAM = 659J867D6A;
				INFOPLIST_FILE = VScale/Info.plist;
				LD_RUNPATH_SEARCH_PATHS = "$(inherited) @executable_path/Frameworks";
				PRODUCT_BUNDLE_IDENTIFIER = G.R.Golden.VScale;
				PRODUCT_NAME = "$(TARGET_NAME)";
				SWIFT_VERSION = 3.0;
			};
			name = Release;
		};
/* End XCBuildConfiguration section */

/* Begin XCConfigurationList section */
		0058F9921E9AE16B009F6DEB /* Build configuration list for PBXProject "VScale" */ = {
			isa = XCConfigurationList;
			buildConfigurations = (
				0058F9A71E9AE16B009F6DEB /* Debug */,
				0058F9A81E9AE16B009F6DEB /* Release */,
			);
			defaultConfigurationIsVisible = 0;
			defaultConfigurationName = Release;
		};
		0058F9A91E9AE16B009F6DEB /* Build configuration list for PBXNativeTarget "VScale" */ = {
			isa = XCConfigurationList;
			buildConfigurations = (
				0058F9AA1E9AE16B009F6DEB /* Debug */,
				0058F9AB1E9AE16B009F6DEB /* Release */,
			);
			defaultConfigurationIsVisible = 0;
		};
/* End XCConfigurationList section */
	};
	rootObject = 0058F98F1E9AE16B009F6DEB /* Project object */;
}
